
Microsoft Visual Studio Solution File, Format Version 12.00
# Visual Studio Version 16
VisualStudioVersion = 16.0.31112.23
MinimumVisualStudioVersion = 10.0.40219.1
Project("{FAE04EC0-301F-11D3-BF4B-00C04F79EFBC}") = "ExportToExcelSample", "ExportToExcelSample.csproj", "{B9662A68-4689-494F-B544-6B2025B6DBA8}"
EndProject
Global
	GlobalSection(SolutionConfigurationPlatforms) = preSolution
		Debug|Any CPU = Debug|Any CPU
		Release|Any CPU = Release|Any CPU
	EndGlobalSection
	GlobalSection(ProjectConfigurationPlatforms) = postSolution
		{B9662A68-4689-494F-B544-6B2025B6DBA8}.Debug|Any CPU.ActiveCfg = Debug|Any CPU
		{B9662A68-4689-494F-B544-6B2025B6DBA8}.Debug|Any CPU.Build.0 = Debug|Any CPU
		{B9662A68-4689-494F-B544-6B2025B6DBA8}.Release|Any CPU.ActiveCfg = Release|Any CPU
		{B9662A68-4689-494F-B544-6B2025B6DBA8}.Release|Any CPU.Build.0 = Release|Any CPU
	EndGlobalSection
	GlobalSection(SolutionProperties) = preSolution
		HideSolutionNode = FALSE
	EndGlobalSection
	GlobalSection(ExtensibilityGlobals) = postSolution
		SolutionGuid = {C758A42E-8E2B-4429-8E95-4C7C085B5EBD}
	EndGlobalSection
EndGlobal
